// !$*UTF8*$!
{
	archiveVersion = 1;
	classes = {
	};
	objectVersion = 50;
	objects = {

/* Begin PBXBuildFile section */
		748B2938250CAD4C00D21B86 /* AppDelegate.swift in Sources */ = {isa = PBXBuildFile; fileRef = 748B2937250CAD4C00D21B86 /* AppDelegate.swift */; };
		748B293A250CAD4C00D21B86 /* SceneDelegate.swift in Sources */ = {isa = PBXBuildFile; fileRef = 748B2939250CAD4C00D21B86 /* SceneDelegate.swift */; };
		748B293C250CAD4C00D21B86 /* MainViewController.swift in Sources */ = {isa = PBXBuildFile; fileRef = 748B293B250CAD4C00D21B86 /* MainViewController.swift */; };
		748B293F250CAD4C00D21B86 /* Main.storyboard in Resources */ = {isa = PBXBuildFile; fileRef = 748B293D250CAD4C00D21B86 /* Main.storyboard */; };
		748B2941250CAD4E00D21B86 /* Assets.xcassets in Resources */ = {isa = PBXBuildFile; fileRef = 748B2940250CAD4E00D21B86 /* Assets.xcassets */; };
		748B2944250CAD4E00D21B86 /* LaunchScreen.storyboard in Resources */ = {isa = PBXBuildFile; fileRef = 748B2942250CAD4E00D21B86 /* LaunchScreen.storyboard */; };
		748B294F250CAD4E00D21B86 /* BasicEncryptionAppTests.swift in Sources */ = {isa = PBXBuildFile; fileRef = 748B294E250CAD4E00D21B86 /* BasicEncryptionAppTests.swift */; };
		748B295F250CB60C00D21B86 /* DetailViewController.swift in Sources */ = {isa = PBXBuildFile; fileRef = 748B295D250CB60C00D21B86 /* DetailViewController.swift */; };
		748B2960250CB60C00D21B86 /* DetailViewController.xib in Resources */ = {isa = PBXBuildFile; fileRef = 748B295E250CB60C00D21B86 /* DetailViewController.xib */; };
/* End PBXBuildFile section */

/* Begin PBXContainerItemProxy section */
		748B294B250CAD4E00D21B86 /* PBXContainerItemProxy */ = {
			isa = PBXContainerItemProxy;
			containerPortal = 748B292C250CAD4C00D21B86 /* Project object */;
			proxyType = 1;
			remoteGlobalIDString = 748B2933250CAD4C00D21B86;
			remoteInfo = BasicEncryptionApp;
		};
/* End PBXContainerItemProxy section */

/* Begin PBXFileReference section */
		748B2934250CAD4C00D21B86 /* BasicEncryptionApp.app */ = {isa = PBXFileReference; explicitFileType = wrapper.application; includeInIndex = 0; path = BasicEncryptionApp.app; sourceTree = BUILT_PRODUCTS_DIR; };
		748B2937250CAD4C00D21B86 /* AppDelegate.swift */ = {isa = PBXFileReference; lastKnownFileType = sourcecode.swift; path = AppDelegate.swift; sourceTree = "<group>"; };
		748B2939250CAD4C00D21B86 /* SceneDelegate.swift */ = {isa = PBXFileReference; lastKnownFileType = sourcecode.swift; path = SceneDelegate.swift; sourceTree = "<group>"; };
		748B293B250CAD4C00D21B86 /* MainViewController.swift */ = {isa = PBXFileReference; lastKnownFileType = sourcecode.swift; path = MainViewController.swift; sourceTree = "<group>"; };
		748B293E250CAD4C00D21B86 /* Base */ = {isa = PBXFileReference; lastKnownFileType = file.storyboard; name = Base; path = Base.lproj/Main.storyboard; sourceTree = "<group>"; };
		748B2940250CAD4E00D21B86 /* Assets.xcassets */ = {isa = PBXFileReference; lastKnownFileType = folder.assetcatalog; path = Assets.xcassets; sourceTree = "<group>"; };
		748B2943250CAD4E00D21B86 /* Base */ = {isa = PBXFileReference; lastKnownFileType = file.storyboard; name = Base; path = Base.lproj/LaunchScreen.storyboard; sourceTree = "<group>"; };
		748B2945250CAD4E00D21B86 /* Info.plist */ = {isa = PBXFileReference; lastKnownFileType = text.plist.xml; path = Info.plist; sourceTree = "<group>"; };
		748B294A250CAD4E00D21B86 /* BasicEncryptionAppTests.xctest */ = {isa = PBXFileReference; explicitFileType = wrapper.cfbundle; includeInIndex = 0; path = BasicEncryptionAppTests.xctest; sourceTree = BUILT_PRODUCTS_DIR; };
		748B294E250CAD4E00D21B86 /* BasicEncryptionAppTests.swift */ = {isa = PBXFileReference; lastKnownFileType = sourcecode.swift; path = BasicEncryptionAppTests.swift; sourceTree = "<group>"; };
		748B2950250CAD4E00D21B86 /* Info.plist */ = {isa = PBXFileReference; lastKnownFileType = text.plist.xml; path = Info.plist; sourceTree = "<group>"; };
		748B295D250CB60C00D21B86 /* DetailViewController.swift */ = {isa = PBXFileReference; lastKnownFileType = sourcecode.swift; path = DetailViewController.swift; sourceTree = "<group>"; };
		748B295E250CB60C00D21B86 /* DetailViewController.xib */ = {isa = PBXFileReference; lastKnownFileType = file.xib; path = DetailViewController.xib; sourceTree = "<group>"; };
/* End PBXFileReference section */

/* Begin PBXFrameworksBuildPhase section */
		748B2931250CAD4C00D21B86 /* Frameworks */ = {
			isa = PBXFrameworksBuildPhase;
			buildActionMask = 2147483647;
			files = (
			);
			runOnlyForDeploymentPostprocessing = 0;
		};
		748B2947250CAD4E00D21B86 /* Frameworks */ = {
			isa = PBXFrameworksBuildPhase;
			buildActionMask = 2147483647;
			files = (
			);
			runOnlyForDeploymentPostprocessing = 0;
		};
/* End PBXFrameworksBuildPhase section */

/* Begin PBXGroup section */
		748B292B250CAD4C00D21B86 = {
			isa = PBXGroup;
			children = (
				748B2936250CAD4C00D21B86 /* BasicEncryptionApp */,
				748B294D250CAD4E00D21B86 /* BasicEncryptionAppTests */,
				748B2935250CAD4C00D21B86 /* Products */,
			);
			sourceTree = "<group>";
		};
		748B2935250CAD4C00D21B86 /* Products */ = {
			isa = PBXGroup;
			children = (
				748B2934250CAD4C00D21B86 /* BasicEncryptionApp.app */,
				748B294A250CAD4E00D21B86 /* BasicEncryptionAppTests.xctest */,
			);
			name = Products;
			sourceTree = "<group>";
		};
		748B2936250CAD4C00D21B86 /* BasicEncryptionApp */ = {
			isa = PBXGroup;
			children = (
				748B295A250CAE6E00D21B86 /* Modules */,
				748B2959250CADC500D21B86 /* Root */,
			);
			path = BasicEncryptionApp;
			sourceTree = "<group>";
		};
		748B294D250CAD4E00D21B86 /* BasicEncryptionAppTests */ = {
			isa = PBXGroup;
			children = (
				748B294E250CAD4E00D21B86 /* BasicEncryptionAppTests.swift */,
				748B2950250CAD4E00D21B86 /* Info.plist */,
			);
			path = BasicEncryptionAppTests;
			sourceTree = "<group>";
		};
		748B2959250CADC500D21B86 /* Root */ = {
			isa = PBXGroup;
			children = (
				748B2937250CAD4C00D21B86 /* AppDelegate.swift */,
				748B2939250CAD4C00D21B86 /* SceneDelegate.swift */,
				748B2940250CAD4E00D21B86 /* Assets.xcassets */,
				748B2942250CAD4E00D21B86 /* LaunchScreen.storyboard */,
				748B2945250CAD4E00D21B86 /* Info.plist */,
			);
			path = Root;
			sourceTree = "<group>";
		};
		748B295A250CAE6E00D21B86 /* Modules */ = {
			isa = PBXGroup;
			children = (
				748B295C250CB5EF00D21B86 /* Detail */,
				748B295B250CAE7400D21B86 /* Main */,
			);
			path = Modules;
			sourceTree = "<group>";
		};
		748B295B250CAE7400D21B86 /* Main */ = {
			isa = PBXGroup;
			children = (
				748B293B250CAD4C00D21B86 /* MainViewController.swift */,
				748B293D250CAD4C00D21B86 /* Main.storyboard */,
			);
			path = Main;
			sourceTree = "<group>";
		};
		748B295C250CB5EF00D21B86 /* Detail */ = {
			isa = PBXGroup;
			children = (
				748B295D250CB60C00D21B86 /* DetailViewController.swift */,
				748B295E250CB60C00D21B86 /* DetailViewController.xib */,
			);
			path = Detail;
			sourceTree = "<group>";
		};
/* End PBXGroup section */

/* Begin PBXNativeTarget section */
		748B2933250CAD4C00D21B86 /* BasicEncryptionApp */ = {
			isa = PBXNativeTarget;
			buildConfigurationList = 748B2953250CAD4E00D21B86 /* Build configuration list for PBXNativeTarget "BasicEncryptionApp" */;
			buildPhases = (
				748B2930250CAD4C00D21B86 /* Sources */,
				748B2931250CAD4C00D21B86 /* Frameworks */,
				748B2932250CAD4C00D21B86 /* Resources */,
			);
			buildRules = (
			);
			dependencies = (
			);
			name = BasicEncryptionApp;
			productName = BasicEncryptionApp;
			productReference = 748B2934250CAD4C00D21B86 /* BasicEncryptionApp.app */;
			productType = "com.apple.product-type.application";
		};
		748B2949250CAD4E00D21B86 /* BasicEncryptionAppTests */ = {
			isa = PBXNativeTarget;
			buildConfigurationList = 748B2956250CAD4E00D21B86 /* Build configuration list for PBXNativeTarget "BasicEncryptionAppTests" */;
			buildPhases = (
				748B2946250CAD4E00D21B86 /* Sources */,
				748B2947250CAD4E00D21B86 /* Frameworks */,
				748B2948250CAD4E00D21B86 /* Resources */,
			);
			buildRules = (
			);
			dependencies = (
				748B294C250CAD4E00D21B86 /* PBXTargetDependency */,
			);
			name = BasicEncryptionAppTests;
			productName = BasicEncryptionAppTests;
			productReference = 748B294A250CAD4E00D21B86 /* BasicEncryptionAppTests.xctest */;
			productType = "com.apple.product-type.bundle.unit-test";
		};
/* End PBXNativeTarget section */

/* Begin PBXProject section */
		748B292C250CAD4C00D21B86 /* Project object */ = {
			isa = PBXProject;
			attributes = {
				LastSwiftUpdateCheck = 1150;
				LastUpgradeCheck = 1150;
				ORGANIZATIONNAME = "reza milani";
				TargetAttributes = {
					748B2933250CAD4C00D21B86 = {
						CreatedOnToolsVersion = 11.5;
					};
					748B2949250CAD4E00D21B86 = {
						CreatedOnToolsVersion = 11.5;
						TestTargetID = 748B2933250CAD4C00D21B86;
					};
				};
			};
			buildConfigurationList = 748B292F250CAD4C00D21B86 /* Build configuration list for PBXProject "BasicEncryptionApp" */;
			compatibilityVersion = "Xcode 9.3";
			developmentRegion = en;
			hasScannedForEncodings = 0;
			knownRegions = (
				en,
				Base,
			);
			mainGroup = 748B292B250CAD4C00D21B86;
			productRefGroup = 748B2935250CAD4C00D21B86 /* Products */;
			projectDirPath = "";
			projectRoot = "";
			targets = (
				748B2933250CAD4C00D21B86 /* BasicEncryptionApp */,
				748B2949250CAD4E00D21B86 /* BasicEncryptionAppTests */,
			);
		};
/* End PBXProject section */

/* Begin PBXResourcesBuildPhase section */
		748B2932250CAD4C00D21B86 /* Resources */ = {
			isa = PBXResourcesBuildPhase;
			buildActionMask = 2147483647;
			files = (
				748B2944250CAD4E00D21B86 /* LaunchScreen.storyboard in Resources */,
				748B2941250CAD4E00D21B86 /* Assets.xcassets in Resources */,
				748B293F250CAD4C00D21B86 /* Main.storyboard in Resources */,
				748B2960250CB60C00D21B86 /* DetailViewController.xib in Resources */,
			);
			runOnlyForDeploymentPostprocessing = 0;
		};
		748B2948250CAD4E00D21B86 /* Resources */ = {
			isa = PBXResourcesBuildPhase;
			buildActionMask = 2147483647;
			files = (
			);
			runOnlyForDeploymentPostprocessing = 0;
		};
/* End PBXResourcesBuildPhase section */

/* Begin PBXSourcesBuildPhase section */
		748B2930250CAD4C00D21B86 /* Sources */ = {
			isa = PBXSourcesBuildPhase;
			buildActionMask = 2147483647;
			files = (
				748B293C250CAD4C00D21B86 /* MainViewController.swift in Sources */,
				748B2938250CAD4C00D21B86 /* AppDelegate.swift in Sources */,
				748B293A250CAD4C00D21B86 /* SceneDelegate.swift in Sources */,
				748B295F250CB60C00D21B86 /* DetailViewController.swift in Sources */,
			);
			runOnlyForDeploymentPostprocessing = 0;
		};
		748B2946250CAD4E00D21B86 /* Sources */ = {
			isa = PBXSourcesBuildPhase;
			buildActionMask = 2147483647;
			files = (
				748B294F250CAD4E00D21B86 /* BasicEncryptionAppTests.swift in Sources */,
			);
			runOnlyForDeploymentPostprocessing = 0;
		};
/* End PBXSourcesBuildPhase section */

/* Begin PBXTargetDependency section */
		748B294C250CAD4E00D21B86 /* PBXTargetDependency */ = {
			isa = PBXTargetDependency;
			target = 748B2933250CAD4C00D21B86 /* BasicEncryptionApp */;
			targetProxy = 748B294B250CAD4E00D21B86 /* PBXContainerItemProxy */;
		};
/* End PBXTargetDependency section */

/* Begin PBXVariantGroup section */
		748B293D250CAD4C00D21B86 /* Main.storyboard */ = {
			isa = PBXVariantGroup;
			children = (
				748B293E250CAD4C00D21B86 /* Base */,
			);
			name = Main.storyboard;
			sourceTree = "<group>";
		};
		748B2942250CAD4E00D21B86 /* LaunchScreen.storyboard */ = {
			isa = PBXVariantGroup;
			children = (
				748B2943250CAD4E00D21B86 /* Base */,
			);
			name = LaunchScreen.storyboard;
			sourceTree = "<group>";
		};
/* End PBXVariantGroup section */

/* Begin XCBuildConfiguration section */
		748B2951250CAD4E00D21B86 /* Debug */ = {
			isa = XCBuildConfiguration;
			buildSettings = {
				ALWAYS_SEARCH_USER_PATHS = NO;
				CLANG_ANALYZER_NONNULL = YES;
				CLANG_ANALYZER_NUMBER_OBJECT_CONVERSION = YES_AGGRESSIVE;
				CLANG_CXX_LANGUAGE_STANDARD = "gnu++14";
				CLANG_CXX_LIBRARY = "libc++";
				CLANG_ENABLE_MODULES = YES;
				CLANG_ENABLE_OBJC_ARC = YES;
				CLANG_ENABLE_OBJC_WEAK = YES;
				CLANG_WARN_BLOCK_CAPTURE_AUTORELEASING = YES;
				CLANG_WARN_BOOL_CONVERSION = YES;
				CLANG_WARN_COMMA = YES;
				CLANG_WARN_CONSTANT_CONVERSION = YES;
				CLANG_WARN_DEPRECATED_OBJC_IMPLEMENTATIONS = YES;
				CLANG_WARN_DIRECT_OBJC_ISA_USAGE = YES_ERROR;
				CLANG_WARN_DOCUMENTATION_COMMENTS = YES;
				CLANG_WARN_EMPTY_BODY = YES;
				CLANG_WARN_ENUM_CONVERSION = YES;
				CLANG_WARN_INFINITE_RECURSION = YES;
				CLANG_WARN_INT_CONVERSION = YES;
				CLANG_WARN_NON_LITERAL_NULL_CONVERSION = YES;
				CLANG_WARN_OBJC_IMPLICIT_RETAIN_SELF = YES;
				CLANG_WARN_OBJC_LITERAL_CONVERSION = YES;
				CLANG_WARN_OBJC_ROOT_CLASS = YES_ERROR;
				CLANG_WARN_RANGE_LOOP_ANALYSIS = YES;
				CLANG_WARN_STRICT_PROTOTYPES = YES;
				CLANG_WARN_SUSPICIOUS_MOVE = YES;
				CLANG_WARN_UNGUARDED_AVAILABILITY = YES_AGGRESSIVE;
				CLANG_WARN_UNREACHABLE_CODE = YES;
				CLANG_WARN__DUPLICATE_METHOD_MATCH = YES;
				COPY_PHASE_STRIP = NO;
				DEBUG_INFORMATION_FORMAT = dwarf;
				ENABLE_STRICT_OBJC_MSGSEND = YES;
				ENABLE_TESTABILITY = YES;
				GCC_C_LANGUAGE_STANDARD = gnu11;
				GCC_DYNAMIC_NO_PIC = NO;
				GCC_NO_COMMON_BLOCKS = YES;
				GCC_OPTIMIZATION_LEVEL = 0;
				GCC_PREPROCESSOR_DEFINITIONS = (
					"DEBUG=1",
					"$(inherited)",
				);
				GCC_WARN_64_TO_32_BIT_CONVERSION = YES;
				GCC_WARN_ABOUT_RETURN_TYPE = YES_ERROR;
				GCC_WARN_UNDECLARED_SELECTOR = YES;
				GCC_WARN_UNINITIALIZED_AUTOS = YES_AGGRESSIVE;
				GCC_WARN_UNUSED_FUNCTION = YES;
				GCC_WARN_UNUSED_VARIABLE = YES;
				IPHONEOS_DEPLOYMENT_TARGET = 13.5;
				MTL_ENABLE_DEBUG_INFO = INCLUDE_SOURCE;
				MTL_FAST_MATH = YES;
				ONLY_ACTIVE_ARCH = YES;
				SDKROOT = iphoneos;
				SWIFT_ACTIVE_COMPILATION_CONDITIONS = DEBUG;
				SWIFT_OPTIMIZATION_LEVEL = "-Onone";
			};
			name = Debug;
		};
		748B2952250CAD4E00D21B86 /* Release */ = {
			isa = XCBuildConfiguration;
			buildSettings = {
				ALWAYS_SEARCH_USER_PATHS = NO;
				CLANG_ANALYZER_NONNULL = YES;
				CLANG_ANALYZER_NUMBER_OBJECT_CONVERSION = YES_AGGRESSIVE;
				CLANG_CXX_LANGUAGE_STANDARD = "gnu++14";
				CLANG_CXX_LIBRARY = "libc++";
				CLANG_ENABLE_MODULES = YES;
				CLANG_ENABLE_OBJC_ARC = YES;
				CLANG_ENABLE_OBJC_WEAK = YES;
				CLANG_WARN_BLOCK_CAPTURE_AUTORELEASING = YES;
				CLANG_WARN_BOOL_CONVERSION = YES;
				CLANG_WARN_COMMA = YES;
				CLANG_WARN_CONSTANT_CONVERSION = YES;
				CLANG_WARN_DEPRECATED_OBJC_IMPLEMENTATIONS = YES;
				CLANG_WARN_DIRECT_OBJC_ISA_USAGE = YES_ERROR;
				CLANG_WARN_DOCUMENTATION_COMMENTS = YES;
				CLANG_WARN_EMPTY_BODY = YES;
				CLANG_WARN_ENUM_CONVERSION = YES;
				CLANG_WARN_INFINITE_RECURSION = YES;
				CLANG_WARN_INT_CONVERSION = YES;
				CLANG_WARN_NON_LITERAL_NULL_CONVERSION = YES;
				CLANG_WARN_OBJC_IMPLICIT_RETAIN_SELF = YES;
				CLANG_WARN_OBJC_LITERAL_CONVERSION = YES;
				CLANG_WARN_OBJC_ROOT_CLASS = YES_ERROR;
				CLANG_WARN_RANGE_LOOP_ANALYSIS = YES;
				CLANG_WARN_STRICT_PROTOTYPES = YES;
				CLANG_WARN_SUSPICIOUS_MOVE = YES;
				CLANG_WARN_UNGUARDED_AVAILABILITY = YES_AGGRESSIVE;
				CLANG_WARN_UNREACHABLE_CODE = YES;
				CLANG_WARN__DUPLICATE_METHOD_MATCH = YES;
				COPY_PHASE_STRIP = NO;
				DEBUG_INFORMATION_FORMAT = "dwarf-with-dsym";
				ENABLE_NS_ASSERTIONS = NO;
				ENABLE_STRICT_OBJC_MSGSEND = YES;
				GCC_C_LANGUAGE_STANDARD = gnu11;
				GCC_NO_COMMON_BLOCKS = YES;
				GCC_WARN_64_TO_32_BIT_CONVERSION = YES;
				GCC_WARN_ABOUT_RETURN_TYPE = YES_ERROR;
				GCC_WARN_UNDECLARED_SELECTOR = YES;
				GCC_WARN_UNINITIALIZED_AUTOS = YES_AGGRESSIVE;
				GCC_WARN_UNUSED_FUNCTION = YES;
				GCC_WARN_UNUSED_VARIABLE = YES;
				IPHONEOS_DEPLOYMENT_TARGET = 13.5;
				MTL_ENABLE_DEBUG_INFO = NO;
				MTL_FAST_MATH = YES;
				SDKROOT = iphoneos;
				SWIFT_COMPILATION_MODE = wholemodule;
				SWIFT_OPTIMIZATION_LEVEL = "-O";
				VALIDATE_PRODUCT = YES;
			};
			name = Release;
		};
		748B2954250CAD4E00D21B86 /* Debug */ = {
			isa = XCBuildConfiguration;
			buildSettings = {
				ASSETCATALOG_COMPILER_APPICON_NAME = AppIcon;
				CODE_SIGN_STYLE = Automatic;
				INFOPLIST_FILE = BasicEncryptionApp/Root/Info.plist;
				LD_RUNPATH_SEARCH_PATHS = (
					"$(inherited)",
					"@executable_path/Frameworks",
				);
				PRODUCT_BUNDLE_IDENTIFIER = com.rmt.test.BasicEncryptionApp;
				PRODUCT_NAME = "$(TARGET_NAME)";
				SWIFT_VERSION = 5.0;
				TARGETED_DEVICE_FAMILY = "1,2";
			};
			name = Debug;
		};
		748B2955250CAD4E00D21B86 /* Release */ = {
			isa = XCBuildConfiguration;
			buildSettings = {
				ASSETCATALOG_COMPILER_APPICON_NAME = AppIcon;
				CODE_SIGN_STYLE = Automatic;
				INFOPLIST_FILE = BasicEncryptionApp/Root/Info.plist;
				LD_RUNPATH_SEARCH_PATHS = (
					"$(inherited)",
					"@executable_path/Frameworks",
				);
				PRODUCT_BUNDLE_IDENTIFIER = com.rmt.test.BasicEncryptionApp;
				PRODUCT_NAME = "$(TARGET_NAME)";
				SWIFT_VERSION = 5.0;
				TARGETED_DEVICE_FAMILY = "1,2";
			};
			name = Release;
		};
		748B2957250CAD4E00D21B86 /* Debug */ = {
			isa = XCBuildConfiguration;
			buildSettings = {
				ALWAYS_EMBED_SWIFT_STANDARD_LIBRARIES = YES;
				BUNDLE_LOADER = "$(TEST_HOST)";
				CODE_SIGN_STYLE = Automatic;
				INFOPLIST_FILE = BasicEncryptionAppTests/Info.plist;
				IPHONEOS_DEPLOYMENT_TARGET = 13.5;
				LD_RUNPATH_SEARCH_PATHS = (
					"$(inherited)",
					"@executable_path/Frameworks",
					"@loader_path/Frameworks",
				);
				PRODUCT_BUNDLE_IDENTIFIER = com.rmt.test.BasicEncryptionAppTests;
				PRODUCT_NAME = "$(TARGET_NAME)";
				SWIFT_VERSION = 5.0;
				TARGETED_DEVICE_FAMILY = "1,2";
				TEST_HOST = "$(BUILT_PRODUCTS_DIR)/BasicEncryptionApp.app/BasicEncryptionApp";
			};
			name = Debug;
		};
		748B2958250CAD4E00D21B86 /* Release */ = {
			isa = XCBuildConfiguration;
			buildSettings = {
				ALWAYS_EMBED_SWIFT_STANDARD_LIBRARIES = YES;
				BUNDLE_LOADER = "$(TEST_HOST)";
				CODE_SIGN_STYLE = Automatic;
				INFOPLIST_FILE = BasicEncryptionAppTests/Info.plist;
				IPHONEOS_DEPLOYMENT_TARGET = 13.5;
				LD_RUNPATH_SEARCH_PATHS = (
					"$(inherited)",
					"@executable_path/Frameworks",
					"@loader_path/Frameworks",
				);
				PRODUCT_BUNDLE_IDENTIFIER = com.rmt.test.BasicEncryptionAppTests;
				PRODUCT_NAME = "$(TARGET_NAME)";
				SWIFT_VERSION = 5.0;
				TARGETED_DEVICE_FAMILY = "1,2";
				TEST_HOST = "$(BUILT_PRODUCTS_DIR)/BasicEncryptionApp.app/BasicEncryptionApp";
			};
			name = Release;
		};
/* End XCBuildConfiguration section */

/* Begin XCConfigurationList section */
		748B292F250CAD4C00D21B86 /* Build configuration list for PBXProject "BasicEncryptionApp" */ = {
			isa = XCConfigurationList;
			buildConfigurations = (
				748B2951250CAD4E00D21B86 /* Debug */,
				748B2952250CAD4E00D21B86 /* Release */,
			);
			defaultConfigurationIsVisible = 0;
			defaultConfigurationName = Release;
		};
		748B2953250CAD4E00D21B86 /* Build configuration list for PBXNativeTarget "BasicEncryptionApp" */ = {
			isa = XCConfigurationList;
			buildConfigurations = (
				748B2954250CAD4E00D21B86 /* Debug */,
				748B2955250CAD4E00D21B86 /* Release */,
			);
			defaultConfigurationIsVisible = 0;
			defaultConfigurationName = Release;
		};
		748B2956250CAD4E00D21B86 /* Build configuration list for PBXNativeTarget "BasicEncryptionAppTests" */ = {
			isa = XCConfigurationList;
			buildConfigurations = (
				748B2957250CAD4E00D21B86 /* Debug */,
				748B2958250CAD4E00D21B86 /* Release */,
			);
			defaultConfigurationIsVisible = 0;
			defaultConfigurationName = Release;
		};
/* End XCConfigurationList section */
	};
	rootObject = 748B292C250CAD4C00D21B86 /* Project object */;
}
